
Microsoft Visual Studio Solution File, Format Version 12.00
# Visual Studio 15
VisualStudioVersion = 15.0.28010.2016
MinimumVisualStudioVersion = 10.0.40219.1
Project("{FAE04EC0-301F-11D3-BF4B-00C04F79EFBC}") = "App01_ConsultarCEP.Android", "App01_ConsultarCEP\App01_ConsultarCEP.Android\App01_ConsultarCEP.Android.csproj", "{01973495-9197-4745-B5B7-52BC75811B6F}"
EndProject
Project("{FAE04EC0-301F-11D3-BF4B-00C04F79EFBC}") = "App01_ConsultarCEP.iOS", "App01_ConsultarCEP\App01_ConsultarCEP.iOS\App01_ConsultarCEP.iOS.csproj", "{72F8EBF0-DE1C-4EA0-8FFE-E5783E0CDF54}"
EndProject
Project("{FAE04EC0-301F-11D3-BF4B-00C04F79EFBC}") = "App01_ConsultarCEP.UWP", "App01_ConsultarCEP\App01_ConsultarCEP.UWP\App01_ConsultarCEP.UWP.csproj", "{515D70E2-A62E-41A0-A5CE-6F5AF9E2BD10}"
EndProject
Project("{FAE04EC0-301F-11D3-BF4B-00C04F79EFBC}") = "App01_ConsultarCEP", "App01_ConsultarCEP\App01_ConsultarCEP\App01_ConsultarCEP.csproj", "{5A0BE4E3-B15E-409C-8F3C-8B088972C2D9}"
EndProject
Global
	GlobalSection(SolutionConfigurationPlatforms) = preSolution
		Ad-Hoc|Any CPU = Ad-Hoc|Any CPU
		Ad-Hoc|ARM = Ad-Hoc|ARM
		Ad-Hoc|iPhone = Ad-Hoc|iPhone
		Ad-Hoc|iPhoneSimulator = Ad-Hoc|iPhoneSimulator
		Ad-Hoc|x64 = Ad-Hoc|x64
		Ad-Hoc|x86 = Ad-Hoc|x86
		AppStore|Any CPU = AppStore|Any CPU
		AppStore|ARM = AppStore|ARM
		AppStore|iPhone = AppStore|iPhone
		AppStore|iPhoneSimulator = AppStore|iPhoneSimulator
		AppStore|x64 = AppStore|x64
		AppStore|x86 = AppStore|x86
		Debug|Any CPU = Debug|Any CPU
		Debug|ARM = Debug|ARM
		Debug|iPhone = Debug|iPhone
		Debug|iPhoneSimulator = Debug|iPhoneSimulator
		Debug|x64 = Debug|x64
		Debug|x86 = Debug|x86
		Release|Any CPU = Release|Any CPU
		Release|ARM = Release|ARM
		Release|iPhone = Release|iPhone
		Release|iPhoneSimulator = Release|iPhoneSimulator
		Release|x64 = Release|x64
		Release|x86 = Release|x86
	EndGlobalSection
	GlobalSection(ProjectConfigurationPlatforms) = postSolution
		{01973495-9197-4745-B5B7-52BC75811B6F}.Ad-Hoc|Any CPU.ActiveCfg = Release|Any CPU
		{01973495-9197-4745-B5B7-52BC75811B6F}.Ad-Hoc|Any CPU.Build.0 = Release|Any CPU
		{01973495-9197-4745-B5B7-52BC75811B6F}.Ad-Hoc|Any CPU.Deploy.0 = Release|Any CPU
		{01973495-9197-4745-B5B7-52BC75811B6F}.Ad-Hoc|ARM.ActiveCfg = Release|Any CPU
		{01973495-9197-4745-B5B7-52BC75811B6F}.Ad-Hoc|ARM.Build.0 = Release|Any CPU
		{01973495-9197-4745-B5B7-52BC75811B6F}.Ad-Hoc|ARM.Deploy.0 = Release|Any CPU
		{01973495-9197-4745-B5B7-52BC75811B6F}.Ad-Hoc|iPhone.ActiveCfg = Release|Any CPU
		{01973495-9197-4745-B5B7-52BC75811B6F}.Ad-Hoc|iPhone.Build.0 = Release|Any CPU
		{01973495-9197-4745-B5B7-52BC75811B6F}.Ad-Hoc|iPhone.Deploy.0 = Release|Any CPU
		{01973495-9197-4745-B5B7-52BC75811B6F}.Ad-Hoc|iPhoneSimulator.ActiveCfg = Release|Any CPU
		{01973495-9197-4745-B5B7-52BC75811B6F}.Ad-Hoc|iPhoneSimulator.Build.0 = Release|Any CPU
		{01973495-9197-4745-B5B7-52BC75811B6F}.Ad-Hoc|iPhoneSimulator.Deploy.0 = Release|Any CPU
		{01973495-9197-4745-B5B7-52BC75811B6F}.Ad-Hoc|x64.ActiveCfg = Release|Any CPU
		{01973495-9197-4745-B5B7-52BC75811B6F}.Ad-Hoc|x64.Build.0 = Release|Any CPU
		{01973495-9197-4745-B5B7-52BC75811B6F}.Ad-Hoc|x64.Deploy.0 = Release|Any CPU
		{01973495-9197-4745-B5B7-52BC75811B6F}.Ad-Hoc|x86.ActiveCfg = Release|Any CPU
		{01973495-9197-4745-B5B7-52BC75811B6F}.Ad-Hoc|x86.Build.0 = Release|Any CPU
		{01973495-9197-4745-B5B7-52BC75811B6F}.Ad-Hoc|x86.Deploy.0 = Release|Any CPU
		{01973495-9197-4745-B5B7-52BC75811B6F}.AppStore|Any CPU.ActiveCfg = Release|Any CPU
		{01973495-9197-4745-B5B7-52BC75811B6F}.AppStore|Any CPU.Build.0 = Release|Any CPU
		{01973495-9197-4745-B5B7-52BC75811B6F}.AppStore|Any CPU.Deploy.0 = Release|Any CPU
		{01973495-9197-4745-B5B7-52BC75811B6F}.AppStore|ARM.ActiveCfg = Release|Any CPU
		{01973495-9197-4745-B5B7-52BC75811B6F}.AppStore|ARM.Build.0 = Release|Any CPU
		{01973495-9197-4745-B5B7-52BC75811B6F}.AppStore|ARM.Deploy.0 = Release|Any CPU
		{01973495-9197-4745-B5B7-52BC75811B6F}.AppStore|iPhone.ActiveCfg = Release|Any CPU
		{01973495-9197-4745-B5B7-52BC75811B6F}.AppStore|iPhone.Build.0 = Release|Any CPU
		{01973495-9197-4745-B5B7-52BC75811B6F}.AppStore|iPhone.Deploy.0 = Release|Any CPU
		{01973495-9197-4745-B5B7-52BC75811B6F}.AppStore|iPhoneSimulator.ActiveCfg = Release|Any CPU
		{01973495-9197-4745-B5B7-52BC75811B6F}.AppStore|iPhoneSimulator.Build.0 = Release|Any CPU
		{01973495-9197-4745-B5B7-52BC75811B6F}.AppStore|iPhoneSimulator.Deploy.0 = Release|Any CPU
		{01973495-9197-4745-B5B7-52BC75811B6F}.AppStore|x64.ActiveCfg = Release|Any CPU
		{01973495-9197-4745-B5B7-52BC75811B6F}.AppStore|x64.Build.0 = Release|Any CPU
		{01973495-9197-4745-B5B7-52BC75811B6F}.AppStore|x64.Deploy.0 = Release|Any CPU
		{01973495-9197-4745-B5B7-52BC75811B6F}.AppStore|x86.ActiveCfg = Release|Any CPU
		{01973495-9197-4745-B5B7-52BC75811B6F}.AppStore|x86.Build.0 = Release|Any CPU
		{01973495-9197-4745-B5B7-52BC75811B6F}.AppStore|x86.Deploy.0 = Release|Any CPU
		{01973495-9197-4745-B5B7-52BC75811B6F}.Debug|Any CPU.ActiveCfg = Debug|Any CPU
		{01973495-9197-4745-B5B7-52BC75811B6F}.Debug|Any CPU.Build.0 = Debug|Any CPU
		{01973495-9197-4745-B5B7-52BC75811B6F}.Debug|Any CPU.Deploy.0 = Debug|Any CPU
		{01973495-9197-4745-B5B7-52BC75811B6F}.Debug|ARM.ActiveCfg = Debug|Any CPU
		{01973495-9197-4745-B5B7-52BC75811B6F}.Debug|ARM.Build.0 = Debug|Any CPU
		{01973495-9197-4745-B5B7-52BC75811B6F}.Debug|ARM.Deploy.0 = Debug|Any CPU
		{01973495-9197-4745-B5B7-52BC75811B6F}.Debug|iPhone.ActiveCfg = Debug|Any CPU
		{01973495-9197-4745-B5B7-52BC75811B6F}.Debug|iPhone.Build.0 = Debug|Any CPU
		{01973495-9197-4745-B5B7-52BC75811B6F}.Debug|iPhone.Deploy.0 = Debug|Any CPU
		{01973495-9197-4745-B5B7-52BC75811B6F}.Debug|iPhoneSimulator.ActiveCfg = Debug|Any CPU
		{01973495-9197-4745-B5B7-52BC75811B6F}.Debug|iPhoneSimulator.Build.0 = Debug|Any CPU
		{01973495-9197-4745-B5B7-52BC75811B6F}.Debug|iPhoneSimulator.Deploy.0 = Debug|Any CPU
		{01973495-9197-4745-B5B7-52BC75811B6F}.Debug|x64.ActiveCfg = Debug|Any CPU
		{01973495-9197-4745-B5B7-52BC75811B6F}.Debug|x64.Build.0 = Debug|Any CPU
		{01973495-9197-4745-B5B7-52BC75811B6F}.Debug|x64.Deploy.0 = Debug|Any CPU
		{01973495-9197-4745-B5B7-52BC75811B6F}.Debug|x86.ActiveCfg = Debug|Any CPU
		{01973495-9197-4745-B5B7-52BC75811B6F}.Debug|x86.Build.0 = Debug|Any CPU
		{01973495-9197-4745-B5B7-52BC75811B6F}.Debug|x86.Deploy.0 = Debug|Any CPU
		{01973495-9197-4745-B5B7-52BC75811B6F}.Release|Any CPU.ActiveCfg = Release|Any CPU
		{01973495-9197-4745-B5B7-52BC75811B6F}.Release|Any CPU.Build.0 = Release|Any CPU
		{01973495-9197-4745-B5B7-52BC75811B6F}.Release|Any CPU.Deploy.0 = Release|Any CPU
		{01973495-9197-4745-B5B7-52BC75811B6F}.Release|ARM.ActiveCfg = Release|Any CPU
		{01973495-9197-4745-B5B7-52BC75811B6F}.Release|ARM.Build.0 = Release|Any CPU
		{01973495-9197-4745-B5B7-52BC75811B6F}.Release|ARM.Deploy.0 = Release|Any CPU
		{01973495-9197-4745-B5B7-52BC75811B6F}.Release|iPhone.ActiveCfg = Release|Any CPU
		{01973495-9197-4745-B5B7-52BC75811B6F}.Release|iPhone.Build.0 = Release|Any CPU
		{01973495-9197-4745-B5B7-52BC75811B6F}.Release|iPhone.Deploy.0 = Release|Any CPU
		{01973495-9197-4745-B5B7-52BC75811B6F}.Release|iPhoneSimulator.ActiveCfg = Release|Any CPU
		{01973495-9197-4745-B5B7-52BC75811B6F}.Release|iPhoneSimulator.Build.0 = Release|Any CPU
		{01973495-9197-4745-B5B7-52BC75811B6F}.Release|iPhoneSimulator.Deploy.0 = Release|Any CPU
		{01973495-9197-4745-B5B7-52BC75811B6F}.Release|x64.ActiveCfg = Release|Any CPU
		{01973495-9197-4745-B5B7-52BC75811B6F}.Release|x64.Build.0 = Release|Any CPU
		{01973495-9197-4745-B5B7-52BC75811B6F}.Release|x64.Deploy.0 = Release|Any CPU
		{01973495-9197-4745-B5B7-52BC75811B6F}.Release|x86.ActiveCfg = Release|Any CPU
		{01973495-9197-4745-B5B7-52BC75811B6F}.Release|x86.Build.0 = Release|Any CPU
		{01973495-9197-4745-B5B7-52BC75811B6F}.Release|x86.Deploy.0 = Release|Any CPU
		{72F8EBF0-DE1C-4EA0-8FFE-E5783E0CDF54}.Ad-Hoc|Any CPU.ActiveCfg = Ad-Hoc|iPhone
		{72F8EBF0-DE1C-4EA0-8FFE-E5783E0CDF54}.Ad-Hoc|Any CPU.Build.0 = Ad-Hoc|iPhone
		{72F8EBF0-DE1C-4EA0-8FFE-E5783E0CDF54}.Ad-Hoc|Any CPU.Deploy.0 = Ad-Hoc|iPhone
		{72F8EBF0-DE1C-4EA0-8FFE-E5783E0CDF54}.Ad-Hoc|ARM.ActiveCfg = Ad-Hoc|iPhone
		{72F8EBF0-DE1C-4EA0-8FFE-E5783E0CDF54}.Ad-Hoc|ARM.Build.0 = Ad-Hoc|iPhone
		{72F8EBF0-DE1C-4EA0-8FFE-E5783E0CDF54}.Ad-Hoc|ARM.Deploy.0 = Ad-Hoc|iPhone
		{72F8EBF0-DE1C-4EA0-8FFE-E5783E0CDF54}.Ad-Hoc|iPhone.ActiveCfg = Ad-Hoc|iPhone
		{72F8EBF0-DE1C-4EA0-8FFE-E5783E0CDF54}.Ad-Hoc|iPhone.Build.0 = Ad-Hoc|iPhone
		{72F8EBF0-DE1C-4EA0-8FFE-E5783E0CDF54}.Ad-Hoc|iPhone.Deploy.0 = Ad-Hoc|iPhone
		{72F8EBF0-DE1C-4EA0-8FFE-E5783E0CDF54}.Ad-Hoc|iPhoneSimulator.ActiveCfg = Ad-Hoc|iPhoneSimulator
		{72F8EBF0-DE1C-4EA0-8FFE-E5783E0CDF54}.Ad-Hoc|iPhoneSimulator.Build.0 = Ad-Hoc|iPhoneSimulator
		{72F8EBF0-DE1C-4EA0-8FFE-E5783E0CDF54}.Ad-Hoc|iPhoneSimulator.Deploy.0 = Ad-Hoc|iPhoneSimulator
		{72F8EBF0-DE1C-4EA0-8FFE-E5783E0CDF54}.Ad-Hoc|x64.ActiveCfg = Ad-Hoc|iPhone
		{72F8EBF0-DE1C-4EA0-8FFE-E5783E0CDF54}.Ad-Hoc|x64.Build.0 = Ad-Hoc|iPhone
		{72F8EBF0-DE1C-4EA0-8FFE-E5783E0CDF54}.Ad-Hoc|x64.Deploy.0 = Ad-Hoc|iPhone
		{72F8EBF0-DE1C-4EA0-8FFE-E5783E0CDF54}.Ad-Hoc|x86.ActiveCfg = Ad-Hoc|iPhone
		{72F8EBF0-DE1C-4EA0-8FFE-E5783E0CDF54}.Ad-Hoc|x86.Build.0 = Ad-Hoc|iPhone
		{72F8EBF0-DE1C-4EA0-8FFE-E5783E0CDF54}.Ad-Hoc|x86.Deploy.0 = Ad-Hoc|iPhone
		{72F8EBF0-DE1C-4EA0-8FFE-E5783E0CDF54}.AppStore|Any CPU.ActiveCfg = AppStore|iPhone
		{72F8EBF0-DE1C-4EA0-8FFE-E5783E0CDF54}.AppStore|Any CPU.Build.0 = AppStore|iPhone
		{72F8EBF0-DE1C-4EA0-8FFE-E5783E0CDF54}.AppStore|Any CPU.Deploy.0 = AppStore|iPhone
		{72F8EBF0-DE1C-4EA0-8FFE-E5783E0CDF54}.AppStore|ARM.ActiveCfg = AppStore|iPhone
		{72F8EBF0-DE1C-4EA0-8FFE-E5783E0CDF54}.AppStore|ARM.Build.0 = AppStore|iPhone
		{72F8EBF0-DE1C-4EA0-8FFE-E5783E0CDF54}.AppStore|ARM.Deploy.0 = AppStore|iPhone
		{72F8EBF0-DE1C-4EA0-8FFE-E5783E0CDF54}.AppStore|iPhone.ActiveCfg = AppStore|iPhone
		{72F8EBF0-DE1C-4EA0-8FFE-E5783E0CDF54}.AppStore|iPhone.Build.0 = AppStore|iPhone
		{72F8EBF0-DE1C-4EA0-8FFE-E5783E0CDF54}.AppStore|iPhone.Deploy.0 = AppStore|iPhone
		{72F8EBF0-DE1C-4EA0-8FFE-E5783E0CDF54}.AppStore|iPhoneSimulator.ActiveCfg = AppStore|iPhoneSimulator
		{72F8EBF0-DE1C-4EA0-8FFE-E5783E0CDF54}.AppStore|iPhoneSimulator.Build.0 = AppStore|iPhoneSimulator
		{72F8EBF0-DE1C-4EA0-8FFE-E5783E0CDF54}.AppStore|iPhoneSimulator.Deploy.0 = AppStore|iPhoneSimulator
		{72F8EBF0-DE1C-4EA0-8FFE-E5783E0CDF54}.AppStore|x64.ActiveCfg = AppStore|iPhone
		{72F8EBF0-DE1C-4EA0-8FFE-E5783E0CDF54}.AppStore|x64.Build.0 = AppStore|iPhone
		{72F8EBF0-DE1C-4EA0-8FFE-E5783E0CDF54}.AppStore|x64.Deploy.0 = AppStore|iPhone
		{72F8EBF0-DE1C-4EA0-8FFE-E5783E0CDF54}.AppStore|x86.ActiveCfg = AppStore|iPhone
		{72F8EBF0-DE1C-4EA0-8FFE-E5783E0CDF54}.AppStore|x86.Build.0 = AppStore|iPhone
		{72F8EBF0-DE1C-4EA0-8FFE-E5783E0CDF54}.AppStore|x86.Deploy.0 = AppStore|iPhone
		{72F8EBF0-DE1C-4EA0-8FFE-E5783E0CDF54}.Debug|Any CPU.ActiveCfg = Debug|iPhoneSimulator
		{72F8EBF0-DE1C-4EA0-8FFE-E5783E0CDF54}.Debug|Any CPU.Build.0 = Debug|iPhoneSimulator
		{72F8EBF0-DE1C-4EA0-8FFE-E5783E0CDF54}.Debug|Any CPU.Deploy.0 = Debug|iPhoneSimulator
		{72F8EBF0-DE1C-4EA0-8FFE-E5783E0CDF54}.Debug|ARM.ActiveCfg = Debug|iPhone
		{72F8EBF0-DE1C-4EA0-8FFE-E5783E0CDF54}.Debug|ARM.Build.0 = Debug|iPhone
		{72F8EBF0-DE1C-4EA0-8FFE-E5783E0CDF54}.Debug|ARM.Deploy.0 = Debug|iPhone
		{72F8EBF0-DE1C-4EA0-8FFE-E5783E0CDF54}.Debug|iPhone.ActiveCfg = Debug|iPhone
		{72F8EBF0-DE1C-4EA0-8FFE-E5783E0CDF54}.Debug|iPhone.Build.0 = Debug|iPhone
		{72F8EBF0-DE1C-4EA0-8FFE-E5783E0CDF54}.Debug|iPhone.Deploy.0 = Debug|iPhone
		{72F8EBF0-DE1C-4EA0-8FFE-E5783E0CDF54}.Debug|iPhoneSimulator.ActiveCfg = Debug|iPhoneSimulator
		{72F8EBF0-DE1C-4EA0-8FFE-E5783E0CDF54}.Debug|iPhoneSimulator.Build.0 = Debug|iPhoneSimulator
		{72F8EBF0-DE1C-4EA0-8FFE-E5783E0CDF54}.Debug|iPhoneSimulator.Deploy.0 = Debug|iPhoneSimulator
		{72F8EBF0-DE1C-4EA0-8FFE-E5783E0CDF54}.Debug|x64.ActiveCfg = Debug|iPhone
		{72F8EBF0-DE1C-4EA0-8FFE-E5783E0CDF54}.Debug|x64.Build.0 = Debug|iPhone
		{72F8EBF0-DE1C-4EA0-8FFE-E5783E0CDF54}.Debug|x64.Deploy.0 = Debug|iPhone
		{72F8EBF0-DE1C-4EA0-8FFE-E5783E0CDF54}.Debug|x86.ActiveCfg = Debug|iPhone
		{72F8EBF0-DE1C-4EA0-8FFE-E5783E0CDF54}.Debug|x86.Build.0 = Debug|iPhone
		{72F8EBF0-DE1C-4EA0-8FFE-E5783E0CDF54}.Debug|x86.Deploy.0 = Debug|iPhone
		{72F8EBF0-DE1C-4EA0-8FFE-E5783E0CDF54}.Release|Any CPU.ActiveCfg = Release|iPhone
		{72F8EBF0-DE1C-4EA0-8FFE-E5783E0CDF54}.Release|Any CPU.Build.0 = Release|iPhone
		{72F8EBF0-DE1C-4EA0-8FFE-E5783E0CDF54}.Release|Any CPU.Deploy.0 = Release|iPhone
		{72F8EBF0-DE1C-4EA0-8FFE-E5783E0CDF54}.Release|ARM.ActiveCfg = Release|iPhone
		{72F8EBF0-DE1C-4EA0-8FFE-E5783E0CDF54}.Release|ARM.Build.0 = Release|iPhone
		{72F8EBF0-DE1C-4EA0-8FFE-E5783E0CDF54}.Release|ARM.Deploy.0 = Release|iPhone
		{72F8EBF0-DE1C-4EA0-8FFE-E5783E0CDF54}.Release|iPhone.ActiveCfg = Release|iPhone
		{72F8EBF0-DE1C-4EA0-8FFE-E5783E0CDF54}.Release|iPhone.Build.0 = Release|iPhone
		{72F8EBF0-DE1C-4EA0-8FFE-E5783E0CDF54}.Release|iPhone.Deploy.0 = Release|iPhone
		{72F8EBF0-DE1C-4EA0-8FFE-E5783E0CDF54}.Release|iPhoneSimulator.ActiveCfg = Release|iPhoneSimulator
		{72F8EBF0-DE1C-4EA0-8FFE-E5783E0CDF54}.Release|iPhoneSimulator.Build.0 = Release|iPhoneSimulator
		{72F8EBF0-DE1C-4EA0-8FFE-E5783E0CDF54}.Release|iPhoneSimulator.Deploy.0 = Release|iPhoneSimulator
		{72F8EBF0-DE1C-4EA0-8FFE-E5783E0CDF54}.Release|x64.ActiveCfg = Release|iPhone
		{72F8EBF0-DE1C-4EA0-8FFE-E5783E0CDF54}.Release|x64.Build.0 = Release|iPhone
		{72F8EBF0-DE1C-4EA0-8FFE-E5783E0CDF54}.Release|x64.Deploy.0 = Release|iPhone
		{72F8EBF0-DE1C-4EA0-8FFE-E5783E0CDF54}.Release|x86.ActiveCfg = Release|iPhone
		{72F8EBF0-DE1C-4EA0-8FFE-E5783E0CDF54}.Release|x86.Build.0 = Release|iPhone
		{72F8EBF0-DE1C-4EA0-8FFE-E5783E0CDF54}.Release|x86.Deploy.0 = Release|iPhone
		{515D70E2-A62E-41A0-A5CE-6F5AF9E2BD10}.Ad-Hoc|Any CPU.ActiveCfg = Release|x86
		{515D70E2-A62E-41A0-A5CE-6F5AF9E2BD10}.Ad-Hoc|Any CPU.Build.0 = Release|x86
		{515D70E2-A62E-41A0-A5CE-6F5AF9E2BD10}.Ad-Hoc|Any CPU.Deploy.0 = Release|x86
		{515D70E2-A62E-41A0-A5CE-6F5AF9E2BD10}.Ad-Hoc|ARM.ActiveCfg = Release|ARM
		{515D70E2-A62E-41A0-A5CE-6F5AF9E2BD10}.Ad-Hoc|ARM.Build.0 = Release|ARM
		{515D70E2-A62E-41A0-A5CE-6F5AF9E2BD10}.Ad-Hoc|ARM.Deploy.0 = Release|ARM
		{515D70E2-A62E-41A0-A5CE-6F5AF9E2BD10}.Ad-Hoc|iPhone.ActiveCfg = Release|x86
		{515D70E2-A62E-41A0-A5CE-6F5AF9E2BD10}.Ad-Hoc|iPhone.Build.0 = Release|x86
		{515D70E2-A62E-41A0-A5CE-6F5AF9E2BD10}.Ad-Hoc|iPhone.Deploy.0 = Release|x86
		{515D70E2-A62E-41A0-A5CE-6F5AF9E2BD10}.Ad-Hoc|iPhoneSimulator.ActiveCfg = Release|x86
		{515D70E2-A62E-41A0-A5CE-6F5AF9E2BD10}.Ad-Hoc|iPhoneSimulator.Build.0 = Release|x86
		{515D70E2-A62E-41A0-A5CE-6F5AF9E2BD10}.Ad-Hoc|iPhoneSimulator.Deploy.0 = Release|x86
		{515D70E2-A62E-41A0-A5CE-6F5AF9E2BD10}.Ad-Hoc|x64.ActiveCfg = Release|x64
		{515D70E2-A62E-41A0-A5CE-6F5AF9E2BD10}.Ad-Hoc|x64.Build.0 = Release|x64
		{515D70E2-A62E-41A0-A5CE-6F5AF9E2BD10}.Ad-Hoc|x64.Deploy.0 = Release|x64
		{515D70E2-A62E-41A0-A5CE-6F5AF9E2BD10}.Ad-Hoc|x86.ActiveCfg = Release|x86
		{515D70E2-A62E-41A0-A5CE-6F5AF9E2BD10}.Ad-Hoc|x86.Build.0 = Release|x86
		{515D70E2-A62E-41A0-A5CE-6F5AF9E2BD10}.Ad-Hoc|x86.Deploy.0 = Release|x86
		{515D70E2-A62E-41A0-A5CE-6F5AF9E2BD10}.AppStore|Any CPU.ActiveCfg = Release|x86
		{515D70E2-A62E-41A0-A5CE-6F5AF9E2BD10}.AppStore|Any CPU.Build.0 = Release|x86
		{515D70E2-A62E-41A0-A5CE-6F5AF9E2BD10}.AppStore|Any CPU.Deploy.0 = Release|x86
		{515D70E2-A62E-41A0-A5CE-6F5AF9E2BD10}.AppStore|ARM.ActiveCfg = Release|ARM
		{515D70E2-A62E-41A0-A5CE-6F5AF9E2BD10}.AppStore|ARM.Build.0 = Release|ARM
		{515D70E2-A62E-41A0-A5CE-6F5AF9E2BD10}.AppStore|ARM.Deploy.0 = Release|ARM
		{515D70E2-A62E-41A0-A5CE-6F5AF9E2BD10}.AppStore|iPhone.ActiveCfg = Release|x86
		{515D70E2-A62E-41A0-A5CE-6F5AF9E2BD10}.AppStore|iPhone.Build.0 = Release|x86
		{515D70E2-A62E-41A0-A5CE-6F5AF9E2BD10}.AppStore|iPhone.Deploy.0 = Release|x86
		{515D70E2-A62E-41A0-A5CE-6F5AF9E2BD10}.AppStore|iPhoneSimulator.ActiveCfg = Release|x86
		{515D70E2-A62E-41A0-A5CE-6F5AF9E2BD10}.AppStore|iPhoneSimulator.Build.0 = Release|x86
		{515D70E2-A62E-41A0-A5CE-6F5AF9E2BD10}.AppStore|iPhoneSimulator.Deploy.0 = Release|x86
		{515D70E2-A62E-41A0-A5CE-6F5AF9E2BD10}.AppStore|x64.ActiveCfg = Release|x64
		{515D70E2-A62E-41A0-A5CE-6F5AF9E2BD10}.AppStore|x64.Build.0 = Release|x64
		{515D70E2-A62E-41A0-A5CE-6F5AF9E2BD10}.AppStore|x64.Deploy.0 = Release|x64
		{515D70E2-A62E-41A0-A5CE-6F5AF9E2BD10}.AppStore|x86.ActiveCfg = Release|x86
		{515D70E2-A62E-41A0-A5CE-6F5AF9E2BD10}.AppStore|x86.Build.0 = Release|x86
		{515D70E2-A62E-41A0-A5CE-6F5AF9E2BD10}.AppStore|x86.Deploy.0 = Release|x86
		{515D70E2-A62E-41A0-A5CE-6F5AF9E2BD10}.Debug|Any CPU.ActiveCfg = Debug|x86
		{515D70E2-A62E-41A0-A5CE-6F5AF9E2BD10}.Debug|Any CPU.Build.0 = Debug|x86
		{515D70E2-A62E-41A0-A5CE-6F5AF9E2BD10}.Debug|Any CPU.Deploy.0 = Debug|x86
		{515D70E2-A62E-41A0-A5CE-6F5AF9E2BD10}.Debug|ARM.ActiveCfg = Debug|ARM
		{515D70E2-A62E-41A0-A5CE-6F5AF9E2BD10}.Debug|ARM.Build.0 = Debug|ARM
		{515D70E2-A62E-41A0-A5CE-6F5AF9E2BD10}.Debug|ARM.Deploy.0 = Debug|ARM
		{515D70E2-A62E-41A0-A5CE-6F5AF9E2BD10}.Debug|iPhone.ActiveCfg = Debug|x86
		{515D70E2-A62E-41A0-A5CE-6F5AF9E2BD10}.Debug|iPhone.Build.0 = Debug|x86
		{515D70E2-A62E-41A0-A5CE-6F5AF9E2BD10}.Debug|iPhone.Deploy.0 = Debug|x86
		{515D70E2-A62E-41A0-A5CE-6F5AF9E2BD10}.Debug|iPhoneSimulator.ActiveCfg = Debug|x86
		{515D70E2-A62E-41A0-A5CE-6F5AF9E2BD10}.Debug|iPhoneSimulator.Build.0 = Debug|x86
		{515D70E2-A62E-41A0-A5CE-6F5AF9E2BD10}.Debug|iPhoneSimulator.Deploy.0 = Debug|x86
		{515D70E2-A62E-41A0-A5CE-6F5AF9E2BD10}.Debug|x64.ActiveCfg = Debug|x64
		{515D70E2-A62E-41A0-A5CE-6F5AF9E2BD10}.Debug|x64.Build.0 = Debug|x64
		{515D70E2-A62E-41A0-A5CE-6F5AF9E2BD10}.Debug|x64.Deploy.0 = Debug|x64
		{515D70E2-A62E-41A0-A5CE-6F5AF9E2BD10}.Debug|x86.ActiveCfg = Debug|x86
		{515D70E2-A62E-41A0-A5CE-6F5AF9E2BD10}.Debug|x86.Build.0 = Debug|x86
		{515D70E2-A62E-41A0-A5CE-6F5AF9E2BD10}.Debug|x86.Deploy.0 = Debug|x86
		{515D70E2-A62E-41A0-A5CE-6F5AF9E2BD10}.Release|Any CPU.ActiveCfg = Release|x86
		{515D70E2-A62E-41A0-A5CE-6F5AF9E2BD10}.Release|Any CPU.Build.0 = Release|x86
		{515D70E2-A62E-41A0-A5CE-6F5AF9E2BD10}.Release|Any CPU.Deploy.0 = Release|x86
		{515D70E2-A62E-41A0-A5CE-6F5AF9E2BD10}.Release|ARM.ActiveCfg = Release|ARM
		{515D70E2-A62E-41A0-A5CE-6F5AF9E2BD10}.Release|ARM.Build.0 = Release|ARM
		{515D70E2-A62E-41A0-A5CE-6F5AF9E2BD10}.Release|ARM.Deploy.0 = Release|ARM
		{515D70E2-A62E-41A0-A5CE-6F5AF9E2BD10}.Release|iPhone.ActiveCfg = Release|x86
		{515D70E2-A62E-41A0-A5CE-6F5AF9E2BD10}.Release|iPhone.Build.0 = Release|x86
		{515D70E2-A62E-41A0-A5CE-6F5AF9E2BD10}.Release|iPhone.Deploy.0 = Release|x86
		{515D70E2-A62E-41A0-A5CE-6F5AF9E2BD10}.Release|iPhoneSimulator.ActiveCfg = Release|x86
		{515D70E2-A62E-41A0-A5CE-6F5AF9E2BD10}.Release|iPhoneSimulator.Build.0 = Release|x86
		{515D70E2-A62E-41A0-A5CE-6F5AF9E2BD10}.Release|iPhoneSimulator.Deploy.0 = Release|x86
		{515D70E2-A62E-41A0-A5CE-6F5AF9E2BD10}.Release|x64.ActiveCfg = Release|x64
		{515D70E2-A62E-41A0-A5CE-6F5AF9E2BD10}.Release|x64.Build.0 = Release|x64
		{515D70E2-A62E-41A0-A5CE-6F5AF9E2BD10}.Release|x64.Deploy.0 = Release|x64
		{515D70E2-A62E-41A0-A5CE-6F5AF9E2BD10}.Release|x86.ActiveCfg = Release|x86
		{515D70E2-A62E-41A0-A5CE-6F5AF9E2BD10}.Release|x86.Build.0 = Release|x86
		{515D70E2-A62E-41A0-A5CE-6F5AF9E2BD10}.Release|x86.Deploy.0 = Release|x86
		{5A0BE4E3-B15E-409C-8F3C-8B088972C2D9}.Ad-Hoc|Any CPU.ActiveCfg = Debug|Any CPU
		{5A0BE4E3-B15E-409C-8F3C-8B088972C2D9}.Ad-Hoc|Any CPU.Build.0 = Debug|Any CPU
		{5A0BE4E3-B15E-409C-8F3C-8B088972C2D9}.Ad-Hoc|Any CPU.Deploy.0 = Debug|Any CPU
		{5A0BE4E3-B15E-409C-8F3C-8B088972C2D9}.Ad-Hoc|ARM.ActiveCfg = Debug|Any CPU
		{5A0BE4E3-B15E-409C-8F3C-8B088972C2D9}.Ad-Hoc|ARM.Build.0 = Debug|Any CPU
		{5A0BE4E3-B15E-409C-8F3C-8B088972C2D9}.Ad-Hoc|ARM.Deploy.0 = Debug|Any CPU
		{5A0BE4E3-B15E-409C-8F3C-8B088972C2D9}.Ad-Hoc|iPhone.ActiveCfg = Debug|Any CPU
		{5A0BE4E3-B15E-409C-8F3C-8B088972C2D9}.Ad-Hoc|iPhone.Build.0 = Debug|Any CPU
		{5A0BE4E3-B15E-409C-8F3C-8B088972C2D9}.Ad-Hoc|iPhone.Deploy.0 = Debug|Any CPU
		{5A0BE4E3-B15E-409C-8F3C-8B088972C2D9}.Ad-Hoc|iPhoneSimulator.ActiveCfg = Debug|Any CPU
		{5A0BE4E3-B15E-409C-8F3C-8B088972C2D9}.Ad-Hoc|iPhoneSimulator.Build.0 = Debug|Any CPU
		{5A0BE4E3-B15E-409C-8F3C-8B088972C2D9}.Ad-Hoc|iPhoneSimulator.Deploy.0 = Debug|Any CPU
		{5A0BE4E3-B15E-409C-8F3C-8B088972C2D9}.Ad-Hoc|x64.ActiveCfg = Debug|Any CPU
		{5A0BE4E3-B15E-409C-8F3C-8B088972C2D9}.Ad-Hoc|x64.Build.0 = Debug|Any CPU
		{5A0BE4E3-B15E-409C-8F3C-8B088972C2D9}.Ad-Hoc|x64.Deploy.0 = Debug|Any CPU
		{5A0BE4E3-B15E-409C-8F3C-8B088972C2D9}.Ad-Hoc|x86.ActiveCfg = Debug|Any CPU
		{5A0BE4E3-B15E-409C-8F3C-8B088972C2D9}.Ad-Hoc|x86.Build.0 = Debug|Any CPU
		{5A0BE4E3-B15E-409C-8F3C-8B088972C2D9}.Ad-Hoc|x86.Deploy.0 = Debug|Any CPU
		{5A0BE4E3-B15E-409C-8F3C-8B088972C2D9}.AppStore|Any CPU.ActiveCfg = Debug|Any CPU
		{5A0BE4E3-B15E-409C-8F3C-8B088972C2D9}.AppStore|Any CPU.Build.0 = Debug|Any CPU
		{5A0BE4E3-B15E-409C-8F3C-8B088972C2D9}.AppStore|Any CPU.Deploy.0 = Debug|Any CPU
		{5A0BE4E3-B15E-409C-8F3C-8B088972C2D9}.AppStore|ARM.ActiveCfg = Debug|Any CPU
		{5A0BE4E3-B15E-409C-8F3C-8B088972C2D9}.AppStore|ARM.Build.0 = Debug|Any CPU
		{5A0BE4E3-B15E-409C-8F3C-8B088972C2D9}.AppStore|ARM.Deploy.0 = Debug|Any CPU
		{5A0BE4E3-B15E-409C-8F3C-8B088972C2D9}.AppStore|iPhone.ActiveCfg = Debug|Any CPU
		{5A0BE4E3-B15E-409C-8F3C-8B088972C2D9}.AppStore|iPhone.Build.0 = Debug|Any CPU
		{5A0BE4E3-B15E-409C-8F3C-8B088972C2D9}.AppStore|iPhone.Deploy.0 = Debug|Any CPU
		{5A0BE4E3-B15E-409C-8F3C-8B088972C2D9}.AppStore|iPhoneSimulator.ActiveCfg = Debug|Any CPU
		{5A0BE4E3-B15E-409C-8F3C-8B088972C2D9}.AppStore|iPhoneSimulator.Build.0 = Debug|Any CPU
		{5A0BE4E3-B15E-409C-8F3C-8B088972C2D9}.AppStore|iPhoneSimulator.Deploy.0 = Debug|Any CPU
		{5A0BE4E3-B15E-409C-8F3C-8B088972C2D9}.AppStore|x64.ActiveCfg = Debug|Any CPU
		{5A0BE4E3-B15E-409C-8F3C-8B088972C2D9}.AppStore|x64.Build.0 = Debug|Any CPU
		{5A0BE4E3-B15E-409C-8F3C-8B088972C2D9}.AppStore|x64.Deploy.0 = Debug|Any CPU
		{5A0BE4E3-B15E-409C-8F3C-8B088972C2D9}.AppStore|x86.ActiveCfg = Debug|Any CPU
		{5A0BE4E3-B15E-409C-8F3C-8B088972C2D9}.AppStore|x86.Build.0 = Debug|Any CPU
		{5A0BE4E3-B15E-409C-8F3C-8B088972C2D9}.AppStore|x86.Deploy.0 = Debug|Any CPU
		{5A0BE4E3-B15E-409C-8F3C-8B088972C2D9}.Debug|Any CPU.ActiveCfg = Debug|Any CPU
		{5A0BE4E3-B15E-409C-8F3C-8B088972C2D9}.Debug|Any CPU.Build.0 = Debug|Any CPU
		{5A0BE4E3-B15E-409C-8F3C-8B088972C2D9}.Debug|Any CPU.Deploy.0 = Debug|Any CPU
		{5A0BE4E3-B15E-409C-8F3C-8B088972C2D9}.Debug|ARM.ActiveCfg = Debug|Any CPU
		{5A0BE4E3-B15E-409C-8F3C-8B088972C2D9}.Debug|ARM.Build.0 = Debug|Any CPU
		{5A0BE4E3-B15E-409C-8F3C-8B088972C2D9}.Debug|ARM.Deploy.0 = Debug|Any CPU
		{5A0BE4E3-B15E-409C-8F3C-8B088972C2D9}.Debug|iPhone.ActiveCfg = Debug|Any CPU
		{5A0BE4E3-B15E-409C-8F3C-8B088972C2D9}.Debug|iPhone.Build.0 = Debug|Any CPU
		{5A0BE4E3-B15E-409C-8F3C-8B088972C2D9}.Debug|iPhone.Deploy.0 = Debug|Any CPU
		{5A0BE4E3-B15E-409C-8F3C-8B088972C2D9}.Debug|iPhoneSimulator.ActiveCfg = Debug|Any CPU
		{5A0BE4E3-B15E-409C-8F3C-8B088972C2D9}.Debug|iPhoneSimulator.Build.0 = Debug|Any CPU
		{5A0BE4E3-B15E-409C-8F3C-8B088972C2D9}.Debug|iPhoneSimulator.Deploy.0 = Debug|Any CPU
		{5A0BE4E3-B15E-409C-8F3C-8B088972C2D9}.Debug|x64.ActiveCfg = Debug|Any CPU
		{5A0BE4E3-B15E-409C-8F3C-8B088972C2D9}.Debug|x64.Build.0 = Debug|Any CPU
		{5A0BE4E3-B15E-409C-8F3C-8B088972C2D9}.Debug|x64.Deploy.0 = Debug|Any CPU
		{5A0BE4E3-B15E-409C-8F3C-8B088972C2D9}.Debug|x86.ActiveCfg = Debug|Any CPU
		{5A0BE4E3-B15E-409C-8F3C-8B088972C2D9}.Debug|x86.Build.0 = Debug|Any CPU
		{5A0BE4E3-B15E-409C-8F3C-8B088972C2D9}.Debug|x86.Deploy.0 = Debug|Any CPU
		{5A0BE4E3-B15E-409C-8F3C-8B088972C2D9}.Release|Any CPU.ActiveCfg = Release|Any CPU
		{5A0BE4E3-B15E-409C-8F3C-8B088972C2D9}.Release|Any CPU.Build.0 = Release|Any CPU
		{5A0BE4E3-B15E-409C-8F3C-8B088972C2D9}.Release|Any CPU.Deploy.0 = Release|Any CPU
		{5A0BE4E3-B15E-409C-8F3C-8B088972C2D9}.Release|ARM.ActiveCfg = Release|Any CPU
		{5A0BE4E3-B15E-409C-8F3C-8B088972C2D9}.Release|ARM.Build.0 = Release|Any CPU
		{5A0BE4E3-B15E-409C-8F3C-8B088972C2D9}.Release|ARM.Deploy.0 = Release|Any CPU
		{5A0BE4E3-B15E-409C-8F3C-8B088972C2D9}.Release|iPhone.ActiveCfg = Release|Any CPU
		{5A0BE4E3-B15E-409C-8F3C-8B088972C2D9}.Release|iPhone.Build.0 = Release|Any CPU
		{5A0BE4E3-B15E-409C-8F3C-8B088972C2D9}.Release|iPhone.Deploy.0 = Release|Any CPU
		{5A0BE4E3-B15E-409C-8F3C-8B088972C2D9}.Release|iPhoneSimulator.ActiveCfg = Release|Any CPU
		{5A0BE4E3-B15E-409C-8F3C-8B088972C2D9}.Release|iPhoneSimulator.Build.0 = Release|Any CPU
		{5A0BE4E3-B15E-409C-8F3C-8B088972C2D9}.Release|iPhoneSimulator.Deploy.0 = Release|Any CPU
		{5A0BE4E3-B15E-409C-8F3C-8B088972C2D9}.Release|x64.ActiveCfg = Release|Any CPU
		{5A0BE4E3-B15E-409C-8F3C-8B088972C2D9}.Release|x64.Build.0 = Release|Any CPU
		{5A0BE4E3-B15E-409C-8F3C-8B088972C2D9}.Release|x64.Deploy.0 = Release|Any CPU
		{5A0BE4E3-B15E-409C-8F3C-8B088972C2D9}.Release|x86.ActiveCfg = Release|Any CPU
		{5A0BE4E3-B15E-409C-8F3C-8B088972C2D9}.Release|x86.Build.0 = Release|Any CPU
		{5A0BE4E3-B15E-409C-8F3C-8B088972C2D9}.Release|x86.Deploy.0 = Release|Any CPU
	EndGlobalSection
	GlobalSection(SolutionProperties) = preSolution
		HideSolutionNode = FALSE
	EndGlobalSection
	GlobalSection(ExtensibilityGlobals) = postSolution
		SolutionGuid = {250548B4-6BBC-4418-9202-88536866EC8E}
	EndGlobalSection
EndGlobal
